
Microsoft Visual Studio Solution File, Format Version 12.00
Project("{FAE04EC0-301F-11D3-BF4B-00C04F79EFBC}") = "P1People", "P1People\P1People.csproj", "{A852CB52-772D-4472-94D1-DFA2410F5147}"
EndProject
Project("{FAE04EC0-301F-11D3-BF4B-00C04F79EFBC}") = "P1_1Classes", "P1_1Classes\P1_1Classes.csproj", "{BE58F3D8-A0A5-4B97-B43C-1A418AA8AA53}"
EndProject
Project("{FAE04EC0-301F-11D3-BF4B-00C04F79EFBC}") = "P2Fields", "P2Fields\P2Fields.csproj", "{41B09152-9138-4D3D-AD5B-0C71ABF26FF8}"
EndProject
Project("{FAE04EC0-301F-11D3-BF4B-00C04F79EFBC}") = "P2_1PlayerGold", "P2_1PlayerGold\P2_1PlayerGold.csproj", "{D468011F-CC01-452B-AF4C-5025E8D6F460}"
EndProject
Project("{FAE04EC0-301F-11D3-BF4B-00C04F79EFBC}") = "P2_2ItemValues", "P2_2ItemValues\P2_2ItemValues.csproj", "{5DA40F04-8709-4D40-BBC9-01F8F856FB56}"
EndProject
Project("{FAE04EC0-301F-11D3-BF4B-00C04F79EFBC}") = "P3LevelUp", "P3LevelUp\P3LevelUp.csproj", "{7CDA98A0-A93E-4084-9D42-FEE4796CBFA3}"
EndProject
Project("{FAE04EC0-301F-11D3-BF4B-00C04F79EFBC}") = "P4_1Replacing Goal", "P4_1Replacing Goal\P4_1Replacing Goal.csproj", "{E8056234-1F82-4844-9437-06A3D1E384BE}"
EndProject
Project("{FAE04EC0-301F-11D3-BF4B-00C04F79EFBC}") = "P4Attack", "P4Attack\P4Attack.csproj", "{AFA06D94-B989-445C-B731-6992FD90D136}"
EndProject
Project("{FAE04EC0-301F-11D3-BF4B-00C04F79EFBC}") = "Exercise", "Exercise\Exercise.csproj", "{E05FE306-73C5-4290-BB74-0E77E826FB2A}"
EndProject
Global
	GlobalSection(SolutionConfigurationPlatforms) = preSolution
		Debug|Any CPU = Debug|Any CPU
		Release|Any CPU = Release|Any CPU
	EndGlobalSection
	GlobalSection(ProjectConfigurationPlatforms) = postSolution
		{A852CB52-772D-4472-94D1-DFA2410F5147}.Debug|Any CPU.ActiveCfg = Debug|Any CPU
		{A852CB52-772D-4472-94D1-DFA2410F5147}.Debug|Any CPU.Build.0 = Debug|Any CPU
		{A852CB52-772D-4472-94D1-DFA2410F5147}.Release|Any CPU.ActiveCfg = Release|Any CPU
		{A852CB52-772D-4472-94D1-DFA2410F5147}.Release|Any CPU.Build.0 = Release|Any CPU
		{BE58F3D8-A0A5-4B97-B43C-1A418AA8AA53}.Debug|Any CPU.ActiveCfg = Debug|Any CPU
		{BE58F3D8-A0A5-4B97-B43C-1A418AA8AA53}.Debug|Any CPU.Build.0 = Debug|Any CPU
		{BE58F3D8-A0A5-4B97-B43C-1A418AA8AA53}.Release|Any CPU.ActiveCfg = Release|Any CPU
		{BE58F3D8-A0A5-4B97-B43C-1A418AA8AA53}.Release|Any CPU.Build.0 = Release|Any CPU
		{41B09152-9138-4D3D-AD5B-0C71ABF26FF8}.Debug|Any CPU.ActiveCfg = Debug|Any CPU
		{41B09152-9138-4D3D-AD5B-0C71ABF26FF8}.Debug|Any CPU.Build.0 = Debug|Any CPU
		{41B09152-9138-4D3D-AD5B-0C71ABF26FF8}.Release|Any CPU.ActiveCfg = Release|Any CPU
		{41B09152-9138-4D3D-AD5B-0C71ABF26FF8}.Release|Any CPU.Build.0 = Release|Any CPU
		{D468011F-CC01-452B-AF4C-5025E8D6F460}.Debug|Any CPU.ActiveCfg = Debug|Any CPU
		{D468011F-CC01-452B-AF4C-5025E8D6F460}.Debug|Any CPU.Build.0 = Debug|Any CPU
		{D468011F-CC01-452B-AF4C-5025E8D6F460}.Release|Any CPU.ActiveCfg = Release|Any CPU
		{D468011F-CC01-452B-AF4C-5025E8D6F460}.Release|Any CPU.Build.0 = Release|Any CPU
		{5DA40F04-8709-4D40-BBC9-01F8F856FB56}.Debug|Any CPU.ActiveCfg = Debug|Any CPU
		{5DA40F04-8709-4D40-BBC9-01F8F856FB56}.Debug|Any CPU.Build.0 = Debug|Any CPU
		{5DA40F04-8709-4D40-BBC9-01F8F856FB56}.Release|Any CPU.ActiveCfg = Release|Any CPU
		{5DA40F04-8709-4D40-BBC9-01F8F856FB56}.Release|Any CPU.Build.0 = Release|Any CPU
		{7CDA98A0-A93E-4084-9D42-FEE4796CBFA3}.Debug|Any CPU.ActiveCfg = Debug|Any CPU
		{7CDA98A0-A93E-4084-9D42-FEE4796CBFA3}.Debug|Any CPU.Build.0 = Debug|Any CPU
		{7CDA98A0-A93E-4084-9D42-FEE4796CBFA3}.Release|Any CPU.ActiveCfg = Release|Any CPU
		{7CDA98A0-A93E-4084-9D42-FEE4796CBFA3}.Release|Any CPU.Build.0 = Release|Any CPU
		{E8056234-1F82-4844-9437-06A3D1E384BE}.Debug|Any CPU.ActiveCfg = Debug|Any CPU
		{E8056234-1F82-4844-9437-06A3D1E384BE}.Debug|Any CPU.Build.0 = Debug|Any CPU
		{E8056234-1F82-4844-9437-06A3D1E384BE}.Release|Any CPU.ActiveCfg = Release|Any CPU
		{E8056234-1F82-4844-9437-06A3D1E384BE}.Release|Any CPU.Build.0 = Release|Any CPU
		{AFA06D94-B989-445C-B731-6992FD90D136}.Debug|Any CPU.ActiveCfg = Debug|Any CPU
		{AFA06D94-B989-445C-B731-6992FD90D136}.Debug|Any CPU.Build.0 = Debug|Any CPU
		{AFA06D94-B989-445C-B731-6992FD90D136}.Release|Any CPU.ActiveCfg = Release|Any CPU
		{AFA06D94-B989-445C-B731-6992FD90D136}.Release|Any CPU.Build.0 = Release|Any CPU
		{E05FE306-73C5-4290-BB74-0E77E826FB2A}.Debug|Any CPU.ActiveCfg = Debug|Any CPU
		{E05FE306-73C5-4290-BB74-0E77E826FB2A}.Debug|Any CPU.Build.0 = Debug|Any CPU
		{E05FE306-73C5-4290-BB74-0E77E826FB2A}.Release|Any CPU.ActiveCfg = Release|Any CPU
		{E05FE306-73C5-4290-BB74-0E77E826FB2A}.Release|Any CPU.Build.0 = Release|Any CPU
	EndGlobalSection
EndGlobal
